
Microsoft Visual Studio Solution File, Format Version 12.00
# Visual Studio Version 17
VisualStudioVersion = 17.8.34330.188
MinimumVisualStudioVersion = 10.0.40219.1
Project("{FAE04EC0-301F-11D3-BF4B-00C04F79EFBC}") = "FlightServiceAPI", "FlightServiceAPI.csproj", "{F6C6D867-F0D7-43C3-8B3F-7F9382C2DBC0}"
EndProject
Global
	GlobalSection(SolutionConfigurationPlatforms) = preSolution
		Debug|Any CPU = Debug|Any CPU
		Release|Any CPU = Release|Any CPU
	EndGlobalSection
	GlobalSection(ProjectConfigurationPlatforms) = postSolution
		{F6C6D867-F0D7-43C3-8B3F-7F9382C2DBC0}.Debug|Any CPU.ActiveCfg = Debug|Any CPU
		{F6C6D867-F0D7-43C3-8B3F-7F9382C2DBC0}.Debug|Any CPU.Build.0 = Debug|Any CPU
		{F6C6D867-F0D7-43C3-8B3F-7F9382C2DBC0}.Release|Any CPU.ActiveCfg = Release|Any CPU
		{F6C6D867-F0D7-43C3-8B3F-7F9382C2DBC0}.Release|Any CPU.Build.0 = Release|Any CPU
	EndGlobalSection
	GlobalSection(SolutionProperties) = preSolution
		HideSolutionNode = FALSE
	EndGlobalSection
	GlobalSection(ExtensibilityGlobals) = postSolution
		SolutionGuid = {DD2254A2-A558-4CBD-9941-74A9661E5E56}
	EndGlobalSection
EndGlobal
