
Microsoft Visual Studio Solution File, Format Version 12.00
# Visual Studio Version 17
VisualStudioVersion = 17.8.34330.188
MinimumVisualStudioVersion = 10.0.40219.1
Project("{FAE04EC0-301F-11D3-BF4B-00C04F79EFBC}") = "NotificationServiceAPI", "NotificationServiceAPI.csproj", "{1E3DE4F0-7BB9-481D-93FB-7717A0F9AAC0}"
EndProject
Global
	GlobalSection(SolutionConfigurationPlatforms) = preSolution
		Debug|Any CPU = Debug|Any CPU
		Release|Any CPU = Release|Any CPU
	EndGlobalSection
	GlobalSection(ProjectConfigurationPlatforms) = postSolution
		{1E3DE4F0-7BB9-481D-93FB-7717A0F9AAC0}.Debug|Any CPU.ActiveCfg = Debug|Any CPU
		{1E3DE4F0-7BB9-481D-93FB-7717A0F9AAC0}.Debug|Any CPU.Build.0 = Debug|Any CPU
		{1E3DE4F0-7BB9-481D-93FB-7717A0F9AAC0}.Release|Any CPU.ActiveCfg = Release|Any CPU
		{1E3DE4F0-7BB9-481D-93FB-7717A0F9AAC0}.Release|Any CPU.Build.0 = Release|Any CPU
	EndGlobalSection
	GlobalSection(SolutionProperties) = preSolution
		HideSolutionNode = FALSE
	EndGlobalSection
	GlobalSection(ExtensibilityGlobals) = postSolution
		SolutionGuid = {AD136D8D-9B0F-46E9-8FDC-1CDF7D49A625}
	EndGlobalSection
EndGlobal
